
Microsoft Visual Studio Solution File, Format Version 12.00
# Visual Studio 15
VisualStudioVersion = 15.0.27703.2026
MinimumVisualStudioVersion = 10.0.40219.1
Project("{FAE04EC0-301F-11D3-BF4B-00C04F79EFBC}") = "ValidateSignedDoc", "ValidateSignedDoc\ValidateSignedDoc.csproj", "{6F567CA9-D2FC-4555-A82F-CE1023D6D898}"
EndProject
Global
	GlobalSection(SolutionConfigurationPlatforms) = preSolution
		Debug|Any CPU = Debug|Any CPU
		Release|Any CPU = Release|Any CPU
	EndGlobalSection
	GlobalSection(ProjectConfigurationPlatforms) = postSolution
		{6F567CA9-D2FC-4555-A82F-CE1023D6D898}.Debug|Any CPU.ActiveCfg = Debug|Any CPU
		{6F567CA9-D2FC-4555-A82F-CE1023D6D898}.Debug|Any CPU.Build.0 = Debug|Any CPU
		{6F567CA9-D2FC-4555-A82F-CE1023D6D898}.Release|Any CPU.ActiveCfg = Release|Any CPU
		{6F567CA9-D2FC-4555-A82F-CE1023D6D898}.Release|Any CPU.Build.0 = Release|Any CPU
	EndGlobalSection
	GlobalSection(SolutionProperties) = preSolution
		HideSolutionNode = FALSE
	EndGlobalSection
	GlobalSection(ExtensibilityGlobals) = postSolution
		SolutionGuid = {B7D817C1-3FDF-462A-B69B-B2DB180A5791}
	EndGlobalSection
EndGlobal
